<Solution>
  <Folder Name="/01/" />
  <Folder Name="/01/test/">
    <Project Path="01/test/test01.csproj" />
  </Folder>
  <Folder Name="/02/" />
  <Folder Name="/02/test/">
    <Project Path="02/test/test02.csproj" />
  </Folder>
  <Folder Name="/03/" />
  <Folder Name="/03/test/">
    <Project Path="03/test/test03.csproj" />
  </Folder>
  <Folder Name="/04/" />
  <Folder Name="/04/test/">
    <Project Path="04/test/test04.csproj" />
  </Folder>
  <Folder Name="/05/" />
  <Folder Name="/05/test/">
    <Project Path="05/test/test05.csproj" />
  </Folder>
</Solution>
